
Microsoft Visual Studio Solution File, Format Version 12.00
# Visual Studio Version 17
VisualStudioVersion = 17.4.33122.133
MinimumVisualStudioVersion = 10.0.40219.1
Project("{FAE04EC0-301F-11D3-BF4B-00C04F79EFBC}") = "EmpWage", "EmpWage\EmpWage.csproj", "{6831B8B8-489F-4894-9C2B-DA9852DEBF22}"
EndProject
Global
	GlobalSection(SolutionConfigurationPlatforms) = preSolution
		Debug|Any CPU = Debug|Any CPU
		Release|Any CPU = Release|Any CPU
	EndGlobalSection
	GlobalSection(ProjectConfigurationPlatforms) = postSolution
		{6831B8B8-489F-4894-9C2B-DA9852DEBF22}.Debug|Any CPU.ActiveCfg = Debug|Any CPU
		{6831B8B8-489F-4894-9C2B-DA9852DEBF22}.Debug|Any CPU.Build.0 = Debug|Any CPU
		{6831B8B8-489F-4894-9C2B-DA9852DEBF22}.Release|Any CPU.ActiveCfg = Release|Any CPU
		{6831B8B8-489F-4894-9C2B-DA9852DEBF22}.Release|Any CPU.Build.0 = Release|Any CPU
	EndGlobalSection
	GlobalSection(SolutionProperties) = preSolution
		HideSolutionNode = FALSE
	EndGlobalSection
	GlobalSection(ExtensibilityGlobals) = postSolution
		SolutionGuid = {290A2156-ADC8-4399-BC39-D34C0C0E1A90}
	EndGlobalSection
EndGlobal
